{
    "_meta": {
        "hash": {
            "sha256": "47194abe9d13f747d7a525d4bb8fb629a268590be1f71c9489f7a76a3723642c"
        },
        "pipfile-spec": 6,
        "requires": {
            "python_version": "3.9"
        },
        "sources": [
            {
                "name": "pypi",
                "url": "https://pypi.org/simple",
                "verify_ssl": true
            }
        ]
    },
    "default": {
        "attrs": {
            "hashes": [
                "sha256:31b2eced602aa8423c2aea9c76a724617ed67cf9513173fd3a4f03e3a929c7e6",
                "sha256:832aa3cde19744e49938b91fea06d69ecb9e649c93ba974535d08ad92164f700"
            ],
            "markers": "python_version >= '2.7' and python_version not in '3.0, 3.1, 3.2, 3.3'",
            "version": "==20.3.0"
        },
        "aws-cdk.assets": {
            "hashes": [
                "sha256:3011160243046dc5db3eb28145d5c1ad6673f9f4da6ca3b504417ec78711490b",
                "sha256:99566d2715e928adb15860fc3472b246369ed7236c3115829f23b7e0328f44d1"
            ],
            "markers": "python_version >= '3.6'",
            "version": "==1.106.1"
        },
        "aws-cdk.aws-apigateway": {
            "hashes": [
                "sha256:c8dd74623a08792c65ee35919860d3802c535031d3f57eed05b5d7b56b364123",
                "sha256:f8114b48f7b4d395f6c1d8215d813bd3582ba5bd40ee4c661c8e15d0b077bf0e"
            ],
            "markers": "python_version >= '3.6'",
            "version": "==1.106.1"
        },
        "aws-cdk.aws-applicationautoscaling": {
            "hashes": [
                "sha256:1bb811bdd4203f72c32c2f39713e247ccb3e16ec85ba81a76880dfe95cbf2924",
                "sha256:d398b860bcc7a6aae6adee085e0a996cf104f14a41053eaff3033d897868f4b0"
            ],
            "markers": "python_version >= '3.6'",
            "version": "==1.106.1"
        },
        "aws-cdk.aws-autoscaling": {
            "hashes": [
                "sha256:1f4686fe25c1542aa3864b78ce9b5f0433cdc68a7e01f07b9d9c6fdff11ac428",
                "sha256:dfbc1b7103a4a2de6e490bff1dcb02ca3f7cc85b8215efa39f72d4262ee93490"
            ],
            "markers": "python_version >= '3.6'",
            "version": "==1.106.1"
        },
        "aws-cdk.aws-autoscaling-common": {
            "hashes": [
                "sha256:605f19e330705ed19af4859b4a61b98aa095e7d15908f370c3f5880364da7a68",
                "sha256:e50f475544a3496459467385000ea56c2579a522dfa8b18359ca90785eccfd48"
            ],
            "markers": "python_version >= '3.6'",
            "version": "==1.106.1"
        },
        "aws-cdk.aws-autoscaling-hooktargets": {
            "hashes": [
                "sha256:787b59b05e277ad37b6124b7a55ddddc893a830ab8c28cd24fc87a638d22e5dc",
                "sha256:b368a7838f397c8af2e8af66f27d02c802df3de29ed5a768676ddca9ac73a7a6"
            ],
            "markers": "python_version >= '3.6'",
            "version": "==1.106.1"
        },
        "aws-cdk.aws-certificatemanager": {
            "hashes": [
                "sha256:04b3b1959dd38731e318d67285bb2666618921145a53e37de3eaed37dc938c97",
                "sha256:312ec3ca0133a43b87a721cd2e8d1ab65bdefbfdd486ca4052b1c049e7a88237"
            ],
            "markers": "python_version >= '3.6'",
            "version": "==1.106.1"
        },
        "aws-cdk.aws-cloudformation": {
            "hashes": [
                "sha256:4bd585b8d1790861683171107f156c69034147d0fca2aae238dae25be292a7fe",
                "sha256:ba34439cf5e22a3bbfc26ff31098080001f4fa07d1f05f15bcf7cb241f8b17db"
            ],
            "markers": "python_version >= '3.6'",
            "version": "==1.106.1"
        },
        "aws-cdk.aws-cloudfront": {
            "hashes": [
                "sha256:470bc1a94ca44ea524057408be7d9e420d6cf692116768be0922d9f1c11bc792",
                "sha256:98f037f974164cb6d4e1b78092181a6ad3c468dca62eb216aca40b282fb914ff"
            ],
            "markers": "python_version >= '3.6'",
            "version": "==1.106.1"
        },
        "aws-cdk.aws-cloudwatch": {
            "hashes": [
                "sha256:338e87abe6b2283c3917d82e0df8e867ba0818eda2fb02a02944ef12a6f29e5d",
                "sha256:b892c6e68c9e66b551b54b01fef3019fc72892ec12c5afa36896586a3e4678c8"
            ],
            "markers": "python_version >= '3.6'",
            "version": "==1.106.1"
        },
        "aws-cdk.aws-codeguruprofiler": {
            "hashes": [
                "sha256:494924a2a9bb33483580e82d540f12dcd771afb92911e78ab58bc137ec42672e",
                "sha256:62c3b2ccc7d8cddb91fa9d05ae640f28ccde25ed8bf5c31072d10616cd3ac343"
            ],
            "markers": "python_version >= '3.6'",
            "version": "==1.106.1"
        },
        "aws-cdk.aws-cognito": {
            "hashes": [
                "sha256:ba63bb1641c67079e0ee2f892a21bb123797db96d046162f50d057f359b436bf",
                "sha256:d0a915b70195861d24007a7a0cbfbe36f6586f584c965c3c8bdeb88666210ffa"
            ],
            "markers": "python_version >= '3.6'",
            "version": "==1.106.1"
        },
        "aws-cdk.aws-ec2": {
            "hashes": [
                "sha256:15feff3ec3672d6ca4e30cb45badf82f570d981f32d2d9274e79019dce31a745",
                "sha256:678d257fc69abdfd63099ba017c0c9ac2c958706c70a7181448c5c77977a0b85"
            ],
            "index": "pypi",
            "version": "==1.106.1"
        },
        "aws-cdk.aws-ecr": {
            "hashes": [
                "sha256:7786481f21d3d9dc18597998acc4a8b8e315440b16a837575f8fac5a36f99043",
                "sha256:fd533a1dd58370f0ffeb48e4f97e183d4911ec874b6334f5fe9f87d75a5920d9"
            ],
            "markers": "python_version >= '3.6'",
            "version": "==1.106.1"
        },
        "aws-cdk.aws-ecr-assets": {
            "hashes": [
                "sha256:5bdf049b577f67f49a6746327cf68243312791cc417139b8045e413cc1e4ab5c",
                "sha256:ba8391a92683b8461177623ead7775a20fe8ae9423f967fc8a0a7f8e13f46271"
            ],
            "index": "pypi",
            "version": "==1.106.1"
        },
        "aws-cdk.aws-ecs": {
            "hashes": [
                "sha256:c3bff339c296848c924bbe21ea1eb574afe4e6549c23f6de3121fc66ded50de5",
                "sha256:f6f285b205bc7a010238129737eac1c5b73530526a46ffc263eef537c6741615"
            ],
            "index": "pypi",
            "version": "==1.106.1"
        },
        "aws-cdk.aws-efs": {
            "hashes": [
                "sha256:2c287d4117402ab02eab72df0c2e49706197ea3de60979c749b4683d105e530e",
                "sha256:8281e39e3e320c6deb50a144b2de160fd46961a6876d43b496890cb4c45acfa3"
            ],
            "markers": "python_version >= '3.6'",
            "version": "==1.106.1"
        },
        "aws-cdk.aws-elasticloadbalancing": {
            "hashes": [
                "sha256:2997776cebc211d81080c3c51eb5a6a50784a32b843e764b25b7c5e6b628d89c",
                "sha256:ce2e18c08e7712976c0808c1416a512ed6d3cbcbcb6d04c2e7a7d5dae55ae858"
            ],
            "markers": "python_version >= '3.6'",
            "version": "==1.106.1"
        },
        "aws-cdk.aws-elasticloadbalancingv2": {
            "hashes": [
                "sha256:604d56c8e2f10831f20db75dbd81069346028e2fed3edcffa8061b66a13e391a",
                "sha256:f58f466cdc60667c55b1b7b688f3a41768ebc8a9a67ff7431cb77280cbeb81c9"
            ],
            "markers": "python_version >= '3.6'",
            "version": "==1.106.1"
        },
        "aws-cdk.aws-events": {
            "hashes": [
                "sha256:0859db05f8b3e5fd90b20358381054c3f11311d88fd13bfcd6669dbae97d4fbb",
                "sha256:95a843f2a9660e2a6b6bd57c74656a95edacdb8a575be79579e747f600d2e576"
            ],
            "markers": "python_version >= '3.6'",
            "version": "==1.106.1"
        },
        "aws-cdk.aws-globalaccelerator": {
            "hashes": [
                "sha256:36799cd51463bdab809ae246e2aa9c6c04b292982b16186a0d69219d649e0f77",
                "sha256:949583e62a75affbb00de30bdce0fcddd8671aac87d3fafbb185fb097bb3a2cd"
            ],
            "markers": "python_version >= '3.6'",
            "version": "==1.106.1"
        },
        "aws-cdk.aws-iam": {
            "hashes": [
                "sha256:7f43f00394469f3ca00901520875b6fe4c26d54cca831308d2a70c1c7ae24567",
                "sha256:eeecbf9933f7529a1225ba055fe872671416b7eacae602a546b7eea4e4995fdf"
            ],
            "markers": "python_version >= '3.6'",
            "version": "==1.106.1"
        },
        "aws-cdk.aws-kms": {
            "hashes": [
                "sha256:629a3eddee9e00471c54c3034b87280bf776a2f13604db7b45ec821b9f6147d7",
                "sha256:eafa74d86da1a3856559eb9ca9f08d39772162de8616d19f08b6592f9480b132"
            ],
            "markers": "python_version >= '3.6'",
            "version": "==1.106.1"
        },
        "aws-cdk.aws-lambda": {
            "hashes": [
                "sha256:4f28ed24f21046399ef93ff4d4f64a5bcd22ed65deb637ab10fae8327e74f408",
                "sha256:b66d2ce824a82771ec1a993a35abd196bb72aa9f0d6dec5eb4557328984af91d"
            ],
            "markers": "python_version >= '3.6'",
            "version": "==1.106.1"
        },
        "aws-cdk.aws-logs": {
            "hashes": [
                "sha256:865ff4c851151ccad405da8b930a4aaf1d95adddecd41f5d8ee49b5e6e55f179",
                "sha256:9b7904ab6f446e62217d89ca7e5f7a0b8ba03a00d3ee49ef376a72b71992d3bf"
            ],
            "markers": "python_version >= '3.6'",
            "version": "==1.106.1"
        },
        "aws-cdk.aws-rds": {
            "hashes": [
                "sha256:7cbe000c07f0b83f9aeaaaaf3d814827e39fa0657c6112368cf81ef1bde7f191",
                "sha256:b724ce2dbdf9a56cf9496438552ffa80e3e6dc7b83667792529cae86d08cdb6a"
            ],
            "index": "pypi",
            "version": "==1.106.1"
        },
        "aws-cdk.aws-route53": {
            "hashes": [
                "sha256:15b9d46781e12c8923341ad274ff32d485292a2aef0e7d2b0cd609fa32afe0ed",
                "sha256:9960cad21e5332885428a4e6c0ca90948fc34b245519f8fdea190a56e56190bc"
            ],
            "markers": "python_version >= '3.6'",
            "version": "==1.106.1"
        },
        "aws-cdk.aws-route53-targets": {
            "hashes": [
                "sha256:16d25b3b2b635181615bb889c0c5aa7d710dffb9b8f2c68716e66ccc5b1f9079",
                "sha256:56f05e9ee864b42e9e9ccf01455783fdd72e26a09d7a143b169116999d8e716b"
            ],
            "markers": "python_version >= '3.6'",
            "version": "==1.106.1"
        },
        "aws-cdk.aws-s3": {
            "hashes": [
                "sha256:2b74b01ededb4f8339d462ecccdc7fd13a3ee6454fae16933f132b7facaf6106",
                "sha256:5dec0ca84c9ddf85048b6f5fa6c9c12135785a5fef6988a27a290e68377bc340"
            ],
            "markers": "python_version >= '3.6'",
            "version": "==1.106.1"
        },
        "aws-cdk.aws-s3-assets": {
            "hashes": [
                "sha256:03c20d8b90c0b183db5ed9d55477c3631e238053a2f6b134b2f499d8a64f3e2e",
                "sha256:46705ba93ee7b05a922d1bd9893391ef08e7c890c8d05e1befd833781739f2ea"
            ],
            "markers": "python_version >= '3.6'",
            "version": "==1.106.1"
        },
        "aws-cdk.aws-sam": {
            "hashes": [
                "sha256:1d20f1a8711c7a93faa47a7988db919c3a4fc8a3a56dd63cf94ef4e32f481b40",
                "sha256:64d2d12bb602fdc9bd9ecd1a80416b07310d7a556d399e89cf83705d9e68975a"
            ],
            "markers": "python_version >= '3.6'",
            "version": "==1.106.1"
        },
        "aws-cdk.aws-secretsmanager": {
            "hashes": [
                "sha256:0dc2fb4128cf28c2a0faf0d7c60d53ae92395858d5dd9b9bb7b3277838f957ef",
                "sha256:be03c468d6359e6eca2ad68fe45461ff4d77fbc9bca01344835691833998159a"
            ],
            "markers": "python_version >= '3.6'",
            "version": "==1.106.1"
        },
        "aws-cdk.aws-servicediscovery": {
            "hashes": [
                "sha256:8c1856a70042f66de5d1c4c3bc904de10d455e80974ceea22d8a5037006fd4f8",
                "sha256:9a2cddaf7966e58aa5f596a22fbadcfe47292cf5952a52e3d719ae0b93bb8352"
            ],
            "markers": "python_version >= '3.6'",
            "version": "==1.106.1"
        },
        "aws-cdk.aws-signer": {
            "hashes": [
                "sha256:493fae32f1d228244e3d6c552349b9738f40197c564e9f6ef6e25d9d816cb3eb",
                "sha256:c1f33924ca9c8cae3531be98c2d83591dd062b717d92af7a504788e3b6760905"
            ],
            "markers": "python_version >= '3.6'",
            "version": "==1.106.1"
        },
        "aws-cdk.aws-sns": {
            "hashes": [
                "sha256:3481e957fd81149bb66660f7f8f7bbc11cbc73e8b38592eef4d1845a981079d9",
                "sha256:b85e31559ce4fb8b455f255fe0819a75fc69dc2feeb1fe02600c8d20f3cb4031"
            ],
            "markers": "python_version >= '3.6'",
            "version": "==1.106.1"
        },
        "aws-cdk.aws-sns-subscriptions": {
            "hashes": [
                "sha256:02b8fa44300be58d6d7f33fb4d262601fa22381c5b8d6a60469811b6ad33822b",
                "sha256:bad368df5e1ac08e4c49fb07d299a75f9b85b23eb427004c0e862dcaa8cbe803"
            ],
            "markers": "python_version >= '3.6'",
            "version": "==1.106.1"
        },
        "aws-cdk.aws-sqs": {
            "hashes": [
                "sha256:4d9938ae0eba961d6c56d6bef96d844e2a47953b44b084b6fcca10691557c37e",
                "sha256:d1587aa5c7b3a720e9ee3dc3f54d34a4a74cb699c1ed5147752a967ec894fc48"
            ],
            "markers": "python_version >= '3.6'",
            "version": "==1.106.1"
        },
        "aws-cdk.aws-ssm": {
            "hashes": [
                "sha256:6048e48dd97fa845e084b85a85dd4f21c7c10a354f30e8080a23988fd71b2e53",
                "sha256:dda0606a203708d5f6e46bb5631ee23274c130d93057548fc568d0bf351dca37"
            ],
            "markers": "python_version >= '3.6'",
            "version": "==1.106.1"
        },
        "aws-cdk.cloud-assembly-schema": {
            "hashes": [
                "sha256:5287b31d984b4b52c1947bfa31ec585af7bd3b5f0c2d975c1eae794a89c14488",
                "sha256:53c699dcfcc4ae1a4396084e723c36fcbef360343229d2471e1f7cce8aa4b0db"
            ],
            "markers": "python_version >= '3.6'",
            "version": "==1.106.1"
        },
        "aws-cdk.core": {
            "hashes": [
                "sha256:bc966e504492c46eff636f6b65f8f3febc6dd550d017b50daddfb3f9c5d9adb8",
                "sha256:e1c9888b635896d049237cbadae4b7f330c419d562f3fb17d0dfb37c3953c1dc"
            ],
            "index": "pypi",
            "version": "==1.106.1"
        },
        "aws-cdk.custom-resources": {
            "hashes": [
                "sha256:1dfdbc593d810694153184db2ee1315cd43d1c20334ec8fb27d3e008e2909bcd",
                "sha256:c618a1145d96f805b1a8ac1bc56fe129b997497c964c81d7df0646d4369a5729"
            ],
            "markers": "python_version >= '3.6'",
            "version": "==1.106.1"
        },
        "aws-cdk.cx-api": {
            "hashes": [
                "sha256:39fadce4693782c2499f6322984b39a1f32865ab95f3e74635bcec86c3d2182f",
                "sha256:69dc9875ff6dc9b39ffc61110dc03d5b474e55b01f95dccfef1dabd66a39f12d"
            ],
            "markers": "python_version >= '3.6'",
            "version": "==1.106.1"
        },
        "aws-cdk.region-info": {
            "hashes": [
                "sha256:35ec243dd8812236264c35c245726235a3d777dc12098b4a48dc3aa13728a7b6",
                "sha256:76953813492e3526e48f65a8da9f45e63cdd37d11de57a9d8cf5fdf215dfa066"
            ],
            "markers": "python_version >= '3.6'",
            "version": "==1.106.1"
        },
        "cattrs": {
            "hashes": [
                "sha256:277d12740b45e46318b41c3b2e4a3bc067a7b9971cf61f0e96497598ad83f282",
                "sha256:a6233d0ce33d48ac71ef818f8e0b9309a89496b359994c4dfe9ad211c1f6d0a3"
            ],
            "markers": "python_version >= '3.7'",
            "version": "==1.5.0"
        },
        "constructs": {
            "hashes": [
                "sha256:24f9c40a54e66eba22f8e020d7b8efa2f7df415219225f934f217c575afdd8c9",
                "sha256:a4ebf536b74a805bb9277d507c6d355f8b8421ced7879d2186b6464c53fe9496"
            ],
            "markers": "python_version >= '3.6'",
            "version": "==3.3.75"
        },
        "iniconfig": {
            "hashes": [
                "sha256:011e24c64b7f47f6ebd835bb12a743f2fbe9a26d4cecaa7f53bc4f35ee9da8b3",
                "sha256:bc3af051d7d14b2ee5ef9969666def0cd1a000e121eaea580d4a313df4b37f32"
            ],
            "version": "==1.1.1"
        },
        "jsii": {
            "hashes": [
                "sha256:76d1f7b4aeec8f59356494f1ed253f5ce1094eeaa46b15232564e4c07c0e1fb5",
                "sha256:d3611f0cc4626ceb26ff55e6fe9ad5dae7a351709ed9c4f12f3bd8065b4c9809"
            ],
            "markers": "python_version ~= '3.6'",
            "version": "==1.29.0"
        },
        "packaging": {
            "hashes": [
                "sha256:5b327ac1320dc863dca72f4514ecc086f31186744b84a230374cc1fd776feae5",
                "sha256:67714da7f7bc052e064859c05c595155bd1ee9f69f76557e21f051443c20947a"
            ],
            "markers": "python_version >= '2.7' and python_version not in '3.0, 3.1, 3.2, 3.3'",
            "version": "==20.9"
        },
        "pluggy": {
            "hashes": [
                "sha256:15b2acde666561e1298d71b523007ed7364de07029219b604cf808bfa1c765b0",
                "sha256:966c145cd83c96502c3c3868f50408687b38434af77734af1e9ca461a4081d2d"
            ],
            "markers": "python_version >= '2.7' and python_version not in '3.0, 3.1, 3.2, 3.3'",
            "version": "==0.13.1"
        },
        "publication": {
            "hashes": [
                "sha256:0248885351febc11d8a1098d5c8e3ab2dabcf3e8c0c96db1e17ecd12b53afbe6",
                "sha256:68416a0de76dddcdd2930d1c8ef853a743cc96c82416c4e4d3b5d901c6276dc4"
            ],
            "version": "==0.0.3"
        },
        "py": {
            "hashes": [
                "sha256:21b81bda15b66ef5e1a777a21c4dcd9c20ad3efd0b3f817e7a809035269e1bd3",
                "sha256:3b80836aa6d1feeaa108e046da6423ab8f6ceda6468545ae8d02d9d58d18818a"
            ],
            "markers": "python_version >= '2.7' and python_version not in '3.0, 3.1, 3.2, 3.3'",
            "version": "==1.10.0"
        },
        "pyparsing": {
            "hashes": [
                "sha256:c203ec8783bf771a155b207279b9bccb8dea02d8f0c9e5f8ead507bc3246ecc1",
                "sha256:ef9d7589ef3c200abe66653d3f1ab1033c3c419ae9b9bdb1240a85b024efc88b"
            ],
            "markers": "python_version >= '2.6' and python_version not in '3.0, 3.1, 3.2, 3.3'",
            "version": "==2.4.7"
        },
        "pytest": {
            "hashes": [
                "sha256:50bcad0a0b9c5a72c8e4e7c9855a3ad496ca6a881a3641b4260605450772c54b",
                "sha256:91ef2131a9bd6be8f76f1f08eac5c5317221d6ad1e143ae03894b862e8976890"
            ],
            "index": "pypi",
            "version": "==6.2.4"
        },
        "python-dateutil": {
            "hashes": [
                "sha256:73ebfe9dbf22e832286dafa60473e4cd239f8592f699aa5adaf10050e6e1823c",
                "sha256:75bb3f31ea686f1197762692a9ee6a7550b59fc6ca3a1f4b5d7e32fb98e2da2a"
            ],
            "markers": "python_version >= '2.7' and python_version not in '3.0, 3.1, 3.2, 3.3'",
            "version": "==2.8.1"
        },
        "six": {
            "hashes": [
                "sha256:1e61c37477a1626458e36f7b1d82aa5c9b094fa4802892072e49de9c60c4c926",
                "sha256:8abb2f1d86890a2dfb989f9a77cfcfd3e47c2a354b01111771326f8aa26e0254"
            ],
            "markers": "python_version >= '2.7' and python_version not in '3.0, 3.1, 3.2, 3.3'",
            "version": "==1.16.0"
        },
        "toml": {
            "hashes": [
                "sha256:806143ae5bfb6a3c6e736a764057db0e6a0e05e338b5630894a5f779cabb4f9b",
                "sha256:b3bda1d108d5dd99f4a20d24d9c348e91c4db7ab1b749200bded2f839ccbe68f"
            ],
            "markers": "python_version >= '2.6' and python_version not in '3.0, 3.1, 3.2, 3.3'",
            "version": "==0.10.2"
        },
        "typing-extensions": {
            "hashes": [
                "sha256:0ac0f89795dd19de6b97debb0c6af1c70987fd80a2d62d1958f7e56fcc31b497",
                "sha256:50b6f157849174217d0656f99dc82fe932884fb250826c18350e159ec6cdf342",
                "sha256:779383f6086d90c99ae41cf0ff39aac8a7937a9283ce0a414e5dd782f4c94a84"
            ],
            "version": "==3.10.0.0"
        }
    },
    "develop": {}
}
