{
    "_meta": {
        "hash": {
            "sha256": "4509fedee95c3c96828927614b9d52a0a0f1d558139152cb3ca7f6ff92e8a590"
        },
        "pipfile-spec": 6,
        "requires": {
            "python_version": "3.9"
        },
        "sources": [
            {
                "name": "pypi",
                "url": "https://pypi.org/simple",
                "verify_ssl": true
            }
        ]
    },
    "default": {
        "attrs": {
            "hashes": [
                "sha256:2d27e3784d7a565d36ab851fe94887c5eccd6a463168875832a1be79c82828b4",
                "sha256:626ba8234211db98e869df76230a137c4c40a12d72445c45d5f5b716f076e2fd"
            ],
            "markers": "python_version >= '2.7' and python_version not in '3.0, 3.1, 3.2, 3.3, 3.4'",
            "version": "==21.4.0"
        },
        "aws-cdk.assets": {
            "hashes": [
                "sha256:512db8114dfaddcd54f4d0ac1039e6050a70f8a65bec226e4ca28caf1d76d405",
                "sha256:80f673ccc6d3caca8ba03048c0a4ba9042c9efa5eb25630466d4f072181a6b64"
            ],
            "markers": "python_version ~= '3.7'",
            "version": "==1.165.0"
        },
        "aws-cdk.aws-acmpca": {
            "hashes": [
                "sha256:7379e221ffdf704a374bf6ed765dd31862d25749d5e5f921266925af35743e7d",
                "sha256:d776fc9dd97e0710aaf6331dc57375b7abecafe2975a32cc3568ede4c141d93f"
            ],
            "markers": "python_version ~= '3.7'",
            "version": "==1.165.0"
        },
        "aws-cdk.aws-apigateway": {
            "hashes": [
                "sha256:3ae4e3f6e78199e50e1bbfe7b0cb8387eae7a89036e673eda23086f13e0074d0",
                "sha256:e0246541190e8660a8f9edbb2dbc2cc6ed39d9fc7c1247e69997b330621c2a73"
            ],
            "markers": "python_version ~= '3.7'",
            "version": "==1.165.0"
        },
        "aws-cdk.aws-applicationautoscaling": {
            "hashes": [
                "sha256:a96be39c58ece6dc7d1bd6ae7dba9eb533a9240f2858a1c0071077f095763ae1",
                "sha256:e6f3a93400707a3caf5ffa184e8a12b947e1a9aacd3d26ff6d634301a440a8e3"
            ],
            "markers": "python_version ~= '3.7'",
            "version": "==1.165.0"
        },
        "aws-cdk.aws-autoscaling": {
            "hashes": [
                "sha256:0a280376a73fadf5006802cd7664ee5298425b78bd4384d72ee92fa8df8b7f2d",
                "sha256:f98d1567714d1fda299a3650095317b6e10ba561b240056bb379b2bc8e10a583"
            ],
            "markers": "python_version ~= '3.7'",
            "version": "==1.165.0"
        },
        "aws-cdk.aws-autoscaling-common": {
            "hashes": [
                "sha256:187c00bb6c7ec484519c2ce5b60bc7a76efb42b4a88733fa29205aaea945bd89",
                "sha256:613e899e67863cb3ff6e94c5e444a3c22a049cae325ffcd21c8c969ab43c8463"
            ],
            "markers": "python_version ~= '3.7'",
            "version": "==1.165.0"
        },
        "aws-cdk.aws-autoscaling-hooktargets": {
            "hashes": [
                "sha256:593c784c8f3f9f9b3da2eec6cf8b6c1d908f77ee1f92e1cd0daa590e4e11fadc",
                "sha256:717b9477db534927eb16e458d4d800778c55a5ee19b5621c21de580ee1512047"
            ],
            "markers": "python_version ~= '3.7'",
            "version": "==1.165.0"
        },
        "aws-cdk.aws-certificatemanager": {
            "hashes": [
                "sha256:019ff59ef549611d9d941dbc071ae1cb02ec3fdc8884cf873eea1e1672a99055",
                "sha256:e0ce5b9f8d38caa9e327e7d2d140bb8ce4031707332e70a681249e86b13eaee3"
            ],
            "markers": "python_version ~= '3.7'",
            "version": "==1.165.0"
        },
        "aws-cdk.aws-cloudformation": {
            "hashes": [
                "sha256:79c9352ce25ea4923d7e2d62cda9b45adbbe27fdad84ab2b60c7e42ae6f815cb",
                "sha256:f7de7e58e84385ca3d5fdf5921099be2e3ae7aa2c3afe4e58f6af8ed22f91387"
            ],
            "markers": "python_version ~= '3.7'",
            "version": "==1.165.0"
        },
        "aws-cdk.aws-cloudfront": {
            "hashes": [
                "sha256:541377559df38a3f786498c97574e05a25e34ea5a0219695694dc86a94b28abe",
                "sha256:c3968280757e10040a39b399e7c34fc0895a2d692e92f5e6ca50fcd3ed1281e0"
            ],
            "markers": "python_version ~= '3.7'",
            "version": "==1.165.0"
        },
        "aws-cdk.aws-cloudwatch": {
            "hashes": [
                "sha256:4dd527b6807205e36dcb8a4360b9b0c0161c2dff71602f599f65f60677a09509",
                "sha256:5a0a5085bb6a028fcb44aa792d920cc2b34c49ec44b17b7d8c674ebbebd39862"
            ],
            "markers": "python_version ~= '3.7'",
            "version": "==1.165.0"
        },
        "aws-cdk.aws-codeguruprofiler": {
            "hashes": [
                "sha256:1b5e9d48f54e11d1c4109979b7e6e5360f0e3012564f8f689cf2cb6db1118ac3",
                "sha256:b06824c50aba22102766ab5e4075db87558c941af02567a5be54d14237d339fc"
            ],
            "markers": "python_version ~= '3.7'",
            "version": "==1.165.0"
        },
        "aws-cdk.aws-codestarnotifications": {
            "hashes": [
                "sha256:2510a05c285012724c94cc9763848273a03072df414ecd1d696764724ae79325",
                "sha256:c9ff18c73a837815657fb6e1cebed0d0421b054266a81443347763a91fcc028c"
            ],
            "markers": "python_version ~= '3.7'",
            "version": "==1.165.0"
        },
        "aws-cdk.aws-cognito": {
            "hashes": [
                "sha256:4955ca47f9239c9d64b99b4f96fca850f189ffb3d526f4901eb5f9f275e60788",
                "sha256:72b206e8e8b2913dadf435b2cb7dfcffb937677bbc4fd95241979a6654a357bf"
            ],
            "markers": "python_version ~= '3.7'",
            "version": "==1.165.0"
        },
        "aws-cdk.aws-ec2": {
            "hashes": [
                "sha256:42631ce2d079453e91a908fb44f2587a50d572cf5ffeb4f0d30b38b4a47c01df",
                "sha256:5d90bc31e33e835c154a4a386399cdf6b2b4e86f8e84b63364ba678980023292"
            ],
            "index": "pypi",
            "version": "==1.165.0"
        },
        "aws-cdk.aws-ecr": {
            "hashes": [
                "sha256:71b9dcfa1ac008ff48fb76ce51594359e80fa82e56e4d07be24417c87c1f3f1d",
                "sha256:953d4342a55b472214c72f452b96d39b421b45d1e6d55cbf81645d6fa1402205"
            ],
            "markers": "python_version ~= '3.7'",
            "version": "==1.165.0"
        },
        "aws-cdk.aws-ecr-assets": {
            "hashes": [
                "sha256:06dcdbc55d0c7df4634532cd6be7b75c8cd276d53fd808caa3353124a1483199",
                "sha256:fe2132b2b9414fc1e60921619e558196aea1c6a8f4461e3f1a1978629c59524a"
            ],
            "index": "pypi",
            "version": "==1.165.0"
        },
        "aws-cdk.aws-ecs": {
            "hashes": [
                "sha256:73c4c5172c4cd42404942bee0afcee2d6b17e287f867d82812830d8de3f3c814",
                "sha256:814d1aff90a6428b2d87fdd11de62f8c69fa3b073b6037644b28e4b8948847e9"
            ],
            "index": "pypi",
            "version": "==1.165.0"
        },
        "aws-cdk.aws-efs": {
            "hashes": [
                "sha256:356989cf69264f023a4373ec469c763af4d5ddbe0e47c4fdb5a90eab7ca6966d",
                "sha256:a2344a8a9f572dc72a743a0d582b215a8bd04739268b558c40ea3b0eb00b9db4"
            ],
            "markers": "python_version ~= '3.7'",
            "version": "==1.165.0"
        },
        "aws-cdk.aws-elasticloadbalancing": {
            "hashes": [
                "sha256:3ef6ae296fc7669990cc225f35f583b07440455acec65b008547268b38ea9e5c",
                "sha256:d95179a86261c570eb1cf16d2875e7d77e51788ba96e96aec061bacfba0f670a"
            ],
            "markers": "python_version ~= '3.7'",
            "version": "==1.165.0"
        },
        "aws-cdk.aws-elasticloadbalancingv2": {
            "hashes": [
                "sha256:2b5a1ea4489d9607cefd04288ad371a15155747fd293d55e5e4b8e239aa4c3eb",
                "sha256:d05a20ed1fffdeac9ba89b04b096a89e95edbe3152d28f53a5d30564fb38f980"
            ],
            "markers": "python_version ~= '3.7'",
            "version": "==1.165.0"
        },
        "aws-cdk.aws-events": {
            "hashes": [
                "sha256:498cab99b67c322425120c6854b150c5e78cd1a6e6890f774ae3b4483722e6ba",
                "sha256:f93b5c56dede78603de5ca35eb0340657175b9b8f36da58a9db56d9666b0f242"
            ],
            "markers": "python_version ~= '3.7'",
            "version": "==1.165.0"
        },
        "aws-cdk.aws-globalaccelerator": {
            "hashes": [
                "sha256:d7e257f82bb3dfe32d69bb04298c897837fedc9b611e48fe4435cb2825c02aec",
                "sha256:f3e258c3f6338798728a24cb8847206dd7b8a360285d9c0675375fe9c5727403"
            ],
            "markers": "python_version ~= '3.7'",
            "version": "==1.165.0"
        },
        "aws-cdk.aws-iam": {
            "hashes": [
                "sha256:01afd07a7cb1e4e8c0087232ae69ab7d8606b4acc32b70d5240c8aa2da1d637b",
                "sha256:ce0c0faad5b72d8b27c2da289068b25ded9325cf0034f60ca174fea810f5376f"
            ],
            "markers": "python_version ~= '3.7'",
            "version": "==1.165.0"
        },
        "aws-cdk.aws-kms": {
            "hashes": [
                "sha256:1c9ede7e9e32a48c5105358fc77736a3931d1f6fef1d1d6073cd98ed38f4bf35",
                "sha256:8de11b3d9a582366e0a42f1d21b3cce5b0909376a746077a980039c2dfea2f48"
            ],
            "markers": "python_version ~= '3.7'",
            "version": "==1.165.0"
        },
        "aws-cdk.aws-lambda": {
            "hashes": [
                "sha256:a2c54516acce23f51611a13a553a82bf3597f3b4c246e34f395de90e96852437",
                "sha256:a6b3eeceb2f8810a0ff9117c52c291135e270f6b7de16949e2e04a9cd787d2d0"
            ],
            "markers": "python_version ~= '3.7'",
            "version": "==1.165.0"
        },
        "aws-cdk.aws-logs": {
            "hashes": [
                "sha256:155247db41556bbfcb86f4b5ba1058ba6fb394ffcf721594cb4cb775c86c20ab",
                "sha256:7e864b462ff3092dd7ebc9e2ed39045c53e37a3c643cdaf0f57f1eb5f810823c"
            ],
            "markers": "python_version ~= '3.7'",
            "version": "==1.165.0"
        },
        "aws-cdk.aws-rds": {
            "hashes": [
                "sha256:60e726355849d1dd63f828a8ba1d7d20a385e0e0187d0b951156eaa36ea681bd",
                "sha256:8d5a62dece3d6fdd5d1ad71b751855f226c1720172d3ce7dd7a4fb6fd2051ba0"
            ],
            "index": "pypi",
            "version": "==1.165.0"
        },
        "aws-cdk.aws-route53": {
            "hashes": [
                "sha256:7ee658646185b0a542d9d5a3844daf110ad0f2155a2cd11edc7066246028ab88",
                "sha256:99700752dc465291101d4bac9f1fb192c589d894379012af9a01ee83bc515799"
            ],
            "markers": "python_version ~= '3.7'",
            "version": "==1.165.0"
        },
        "aws-cdk.aws-route53-targets": {
            "hashes": [
                "sha256:a722123f5ec310d0cb9264740bf6faba1a602cb945b1251678057e6b48f89dd5",
                "sha256:c0c626106baf9bd061a448d98f73aafeba957b3df1a884ae053cb83184443cdd"
            ],
            "markers": "python_version ~= '3.7'",
            "version": "==1.165.0"
        },
        "aws-cdk.aws-s3": {
            "hashes": [
                "sha256:6346ef484d9a1d43f429b8aebe14a908ada8034518c2fb27325106acd0840083",
                "sha256:bf88466b7acdadd794750bd100826a46646bcf4635dc2c1e70af5f78d451292a"
            ],
            "markers": "python_version ~= '3.7'",
            "version": "==1.165.0"
        },
        "aws-cdk.aws-s3-assets": {
            "hashes": [
                "sha256:2f20e77c9eabc6cf1346165a3547e8bed3cc576cb49d62d07fb062aa5cd48f83",
                "sha256:f3fe532690581b8b0621c6843fd87e02c6d8a98ab59738c7403cbcb7fec266fb"
            ],
            "markers": "python_version ~= '3.7'",
            "version": "==1.165.0"
        },
        "aws-cdk.aws-sam": {
            "hashes": [
                "sha256:9d5ffc7b73e740a79492b570f153e703e88392be61ca6660314c44f1c9c21c48",
                "sha256:aed3482c5c815d5475d44edf47d213eba61b53fce2a43320e568fbce5248ada4"
            ],
            "markers": "python_version ~= '3.7'",
            "version": "==1.165.0"
        },
        "aws-cdk.aws-secretsmanager": {
            "hashes": [
                "sha256:cdac00a35e4ed8042c7e3e944e3e035d5a6ad4d32e0845d5bdecce36b41aecb9",
                "sha256:d6c31eafe9904ab989de8db8561fab8488b9125f62c17c156870f89fe5141662"
            ],
            "markers": "python_version ~= '3.7'",
            "version": "==1.165.0"
        },
        "aws-cdk.aws-servicediscovery": {
            "hashes": [
                "sha256:43ba1dad21d868bac4d5a56713f4e3f342c888dcd9ec80cdc63bdcda688472de",
                "sha256:d70deadf3ec8a976e18ff00fd9ef8d08cf8743a7aba875ef6110f8707157a43f"
            ],
            "markers": "python_version ~= '3.7'",
            "version": "==1.165.0"
        },
        "aws-cdk.aws-signer": {
            "hashes": [
                "sha256:5bc6243e9ba718d43ea0adaa1a5972efc3beffe0a59beeab14010ef1af0a7f3f",
                "sha256:a52b1c55486697af21cd0965640ab71e0de5681551d0e86a5def61f148513f16"
            ],
            "markers": "python_version ~= '3.7'",
            "version": "==1.165.0"
        },
        "aws-cdk.aws-sns": {
            "hashes": [
                "sha256:8dbf0926b242244546cad9b18dff54ca14df63594b704c460cf7e0f7311e0f8c",
                "sha256:aaeaa9af06673d1e86b745cd929555b90f53abf1748f7a5d571e3d9eec24bfc3"
            ],
            "markers": "python_version ~= '3.7'",
            "version": "==1.165.0"
        },
        "aws-cdk.aws-sns-subscriptions": {
            "hashes": [
                "sha256:5a507c95c4c15c8c3053800b18546e1cec6cdd4a0d73d91c57685bcb7e731a4e",
                "sha256:c62f1b13ab3eee09510053a616bb3ccd65af6cf984d4772df04ab5817eca77a6"
            ],
            "markers": "python_version ~= '3.7'",
            "version": "==1.165.0"
        },
        "aws-cdk.aws-sqs": {
            "hashes": [
                "sha256:31d856ef938e6fb51efd4d70c82ceda30519b2d3d928190ae4ce158548c816cf",
                "sha256:8181e39ca4c9cee3a8107974c83f3ff238aa1405e87fc0d803429ff73f49d438"
            ],
            "markers": "python_version ~= '3.7'",
            "version": "==1.165.0"
        },
        "aws-cdk.aws-ssm": {
            "hashes": [
                "sha256:2788d7eed2dd842bb1ed883b758fae34b314785e230a43db16db7e13d0e34d68",
                "sha256:3b5332d67a9f59cb63e4b10f184cc9b03c54c7bbaa195d0ae9b5584a6eef394d"
            ],
            "markers": "python_version ~= '3.7'",
            "version": "==1.165.0"
        },
        "aws-cdk.aws-stepfunctions": {
            "hashes": [
                "sha256:3219e3e14c720071190bef6bec48a1c43ce2a34a8c851206a300e5a272dcacf3",
                "sha256:60b02d5517bdcebb65af523b8baa20a9330a32b21b98e076617120eaa1348d1b"
            ],
            "markers": "python_version ~= '3.7'",
            "version": "==1.165.0"
        },
        "aws-cdk.cloud-assembly-schema": {
            "hashes": [
                "sha256:e1cceaa9cc368da56cf6d977fcbe215ed2252d7c6f333400841a62493cc619c4",
                "sha256:f6e989c6a8f0a782bd80062ad44f22ba7d8105441e8954455fc7d958cf1de129"
            ],
            "markers": "python_version ~= '3.7'",
            "version": "==1.165.0"
        },
        "aws-cdk.core": {
            "hashes": [
                "sha256:c9ad2eaac3bb4935d7e7cf147a5ca34d4588a889a5e990801447a8e354df8feb",
                "sha256:ffd7082e72c41e0332125710b539928210c4a056e5da1d4e30c17fcd97e63878"
            ],
            "index": "pypi",
            "version": "==1.165.0"
        },
        "aws-cdk.custom-resources": {
            "hashes": [
                "sha256:658eaaf2f0018399ddc9aa94e9a1f16af0df22d3a0fa23ad9af0f625b4f2b627",
                "sha256:fe97195952f1e48ee7c8ee2a078d69dc1560deaf725a637e9503b08c0e33aead"
            ],
            "markers": "python_version ~= '3.7'",
            "version": "==1.165.0"
        },
        "aws-cdk.cx-api": {
            "hashes": [
                "sha256:48646f18d6f3c22e9c44838fb6b2c45e1a5fb1a80803ac9db01c18034c8b6b00",
                "sha256:93c2e46b25c9b02daebde6d281a3dfeabe5d077320b772ab608c17f29112a502"
            ],
            "markers": "python_version ~= '3.7'",
            "version": "==1.165.0"
        },
        "aws-cdk.region-info": {
            "hashes": [
                "sha256:b32c157ae2e4a02ec5281e946709cdf0f4b7a87278a9fb1cf815371667315125",
                "sha256:cd3d6e6f4e3ea7312d4733639747f1acfce09a54f7a145559b2487970a462ae1"
            ],
            "markers": "python_version ~= '3.7'",
            "version": "==1.165.0"
        },
        "cattrs": {
            "hashes": [
                "sha256:94b67b64cf92c994f8784c40c082177dc916e0489a73a9a36b24eb18a9db40c6",
                "sha256:d55c477b4672f93606e992049f15d526dc7867e6c756cd6256d4af92e2b1e364"
            ],
            "markers": "python_version >= '3.7' and python_version < '4.0'",
            "version": "==22.1.0"
        },
        "constructs": {
            "hashes": [
                "sha256:0d66845ed4fa05f75191294621b32079417aeb49770c7043d88ec5e7441a2911",
                "sha256:a9a88b209a0721cc36540b1912593a0f9187159f04748d69d677e46bceccc9ee"
            ],
            "markers": "python_version ~= '3.7'",
            "version": "==3.4.43"
        },
        "exceptiongroup": {
            "hashes": [
                "sha256:6990c24f06b8d33c8065cfe43e5e8a4bfa384e0358be036af9cc60b6321bd11a",
                "sha256:ab0a968e1ef769e55d9a596f4a89f7be9ffedbc9fdefdb77cc68cf5c33ce1035"
            ],
            "markers": "python_version < '3.11'",
            "version": "==1.0.0rc8"
        },
        "iniconfig": {
            "hashes": [
                "sha256:011e24c64b7f47f6ebd835bb12a743f2fbe9a26d4cecaa7f53bc4f35ee9da8b3",
                "sha256:bc3af051d7d14b2ee5ef9969666def0cd1a000e121eaea580d4a313df4b37f32"
            ],
            "version": "==1.1.1"
        },
        "jsii": {
            "hashes": [
                "sha256:c22ac7373260fbabdb012faba717a8a4dbd933120cee373905030fd66956a65a",
                "sha256:d124b0f350fd206e0488d3bb83dc58832f11e64fc728fd3a10096872d8a3a938"
            ],
            "markers": "python_version ~= '3.7'",
            "version": "==1.62.0"
        },
        "packaging": {
            "hashes": [
                "sha256:dd47c42927d89ab911e606518907cc2d3a1f38bbd026385970643f9c5b8ecfeb",
                "sha256:ef103e05f519cdc783ae24ea4e2e0f508a9c99b2d4969652eed6a2e1ea5bd522"
            ],
            "markers": "python_version >= '3.6'",
            "version": "==21.3"
        },
        "pluggy": {
            "hashes": [
                "sha256:4224373bacce55f955a878bf9cfa763c1e360858e330072059e10bad68531159",
                "sha256:74134bbf457f031a36d68416e1509f34bd5ccc019f0bcc952c7b909d06b37bd3"
            ],
            "markers": "python_version >= '3.6'",
            "version": "==1.0.0"
        },
        "publication": {
            "hashes": [
                "sha256:0248885351febc11d8a1098d5c8e3ab2dabcf3e8c0c96db1e17ecd12b53afbe6",
                "sha256:68416a0de76dddcdd2930d1c8ef853a743cc96c82416c4e4d3b5d901c6276dc4"
            ],
            "version": "==0.0.3"
        },
        "py": {
            "hashes": [
                "sha256:51c75c4126074b472f746a24399ad32f6053d1b34b68d2fa41e558e6f4a98719",
                "sha256:607c53218732647dff4acdfcd50cb62615cedf612e72d1724fb1a0cc6405b378"
            ],
            "markers": "python_version >= '2.7' and python_version not in '3.0, 3.1, 3.2, 3.3, 3.4'",
            "version": "==1.11.0"
        },
        "pyparsing": {
            "hashes": [
                "sha256:2b020ecf7d21b687f219b71ecad3631f644a47f01403fa1d1036b0c6416d70fb",
                "sha256:5026bae9a10eeaefb61dab2f09052b9f4307d44aee4eda64b309723d8d206bbc"
            ],
            "markers": "python_full_version >= '3.6.8'",
            "version": "==3.0.9"
        },
        "pytest": {
            "hashes": [
                "sha256:13d0e3ccfc2b6e26be000cb6568c832ba67ba32e719443bfe725814d3c42433c",
                "sha256:a06a0425453864a270bc45e71f783330a7428defb4230fb5e6a731fde06ecd45"
            ],
            "index": "pypi",
            "version": "==7.1.2"
        },
        "python-dateutil": {
            "hashes": [
                "sha256:0123cacc1627ae19ddf3c27a5de5bd67ee4586fbdd6440d9748f8abb483d3e86",
                "sha256:961d03dc3453ebbc59dbdea9e4e11c5651520a876d0f4db161e8674aae935da9"
            ],
            "markers": "python_version >= '2.7' and python_version not in '3.0, 3.1, 3.2, 3.3'",
            "version": "==2.8.2"
        },
        "six": {
            "hashes": [
                "sha256:1e61c37477a1626458e36f7b1d82aa5c9b094fa4802892072e49de9c60c4c926",
                "sha256:8abb2f1d86890a2dfb989f9a77cfcfd3e47c2a354b01111771326f8aa26e0254"
            ],
            "markers": "python_version >= '2.7' and python_version not in '3.0, 3.1, 3.2, 3.3'",
            "version": "==1.16.0"
        },
        "tomli": {
            "hashes": [
                "sha256:939de3e7a6161af0c887ef91b7d41a53e7c5a1ca976325f429cb46ea9bc30ecc",
                "sha256:de526c12914f0c550d15924c62d72abc48d6fe7364aa87328337a31007fe8a4f"
            ],
            "markers": "python_version >= '3.7'",
            "version": "==2.0.1"
        },
        "typing-extensions": {
            "hashes": [
                "sha256:25642c956049920a5aa49edcdd6ab1e06d7e5d467fc00e0506c44ac86fbfca02",
                "sha256:e6d2677a32f47fc7eb2795db1dd15c1f34eff616bcaf2cfb5e997f854fa1c4a6"
            ],
            "markers": "python_version >= '3.7'",
            "version": "==4.3.0"
        }
    },
    "develop": {}
}
