{
    "_meta": {
        "hash": {
            "sha256": "97eebe01e271dedf4a730432bc3f9df7dd5071874d0d684e1de38b2a897e2dd0"
        },
        "pipfile-spec": 6,
        "requires": {
            "python_version": "3.9"
        },
        "sources": [
            {
                "name": "pypi",
                "url": "https://pypi.org/simple",
                "verify_ssl": true
            }
        ]
    },
    "default": {
        "attrs": {
            "hashes": [
                "sha256:29adc2665447e5191d0e7c568fde78b21f9672d344281d0c6e1ab085429b22b6",
                "sha256:86efa402f67bf2df34f51a335487cf46b1ec130d02b8d39fd248abfd30da551c"
            ],
            "markers": "python_version >= '3.5'",
            "version": "==22.1.0"
        },
        "aws-cdk.assets": {
            "hashes": [
                "sha256:8cbb5f2b52db2fe8bd0b26db9a75372b4f805173935b69b6d99890b5b7582c44",
                "sha256:cf7270cde1c5c122224b49c56d6fd89f8e2f99230f20badd017a577c50e54b08"
            ],
            "markers": "python_version ~= '3.7'",
            "version": "==1.182.0"
        },
        "aws-cdk.aws-acmpca": {
            "hashes": [
                "sha256:4eb00bd794936e582aefd1be71efce02453e10002e1f2056846c9620e32dfe1f",
                "sha256:c8e1be1ee7f5d69d51333acf4cdcfdda3e99cf27cfa388780da2ec032732a0ca"
            ],
            "markers": "python_version ~= '3.7'",
            "version": "==1.182.0"
        },
        "aws-cdk.aws-apigateway": {
            "hashes": [
                "sha256:90c20663ef7bb5c726bdb709c7394bbc3f3988d09d4b97862787b5d9ca99ced1",
                "sha256:fbbd1e6d4f42af8a2677a1085a7505341de4d6b39bb7164d2bb41ab8628a9bd8"
            ],
            "markers": "python_version ~= '3.7'",
            "version": "==1.182.0"
        },
        "aws-cdk.aws-applicationautoscaling": {
            "hashes": [
                "sha256:ceae1d6bbe160f1e8e51612e1b8e55d0c1382c751b05e22031dbcf66c253f544",
                "sha256:ed1fa041b14b369df6c6ec79f216131b3b07f622a323afe8f8b355164ac151bd"
            ],
            "markers": "python_version ~= '3.7'",
            "version": "==1.182.0"
        },
        "aws-cdk.aws-autoscaling": {
            "hashes": [
                "sha256:80a15878bcf7f802f6fa89c1905bace7e16c0d9c88af0d139319d1806b727447",
                "sha256:9a18914e532254e6bd1e3bcb346a745bb8de632f9a41cf168e1cd62874e15fc6"
            ],
            "markers": "python_version ~= '3.7'",
            "version": "==1.182.0"
        },
        "aws-cdk.aws-autoscaling-common": {
            "hashes": [
                "sha256:37d1ecd93796a23bf81189d8d769346667e0d56ae39ecbfc47d54982600140fd",
                "sha256:d64eea88ae667a7daef229d83f8b1b01c68626df75b00e8be5443d238cb386eb"
            ],
            "markers": "python_version ~= '3.7'",
            "version": "==1.182.0"
        },
        "aws-cdk.aws-autoscaling-hooktargets": {
            "hashes": [
                "sha256:3fcbf26f7f9279228322794b156a1933e5828e2941e503a7cab26bd27f788d5a",
                "sha256:6386239e1e3fec6b7a4f5f832cead38ba6c3f26a58d40da1b17f684894b60e9d"
            ],
            "markers": "python_version ~= '3.7'",
            "version": "==1.182.0"
        },
        "aws-cdk.aws-certificatemanager": {
            "hashes": [
                "sha256:5895b47a2cac561404efd2134954c7755822da85e40286011226acb0d3cbcda2",
                "sha256:9547680a0c7273d817f8a4b2c8bbe8086c1bc71a27e398c3445ad2938bc063c6"
            ],
            "markers": "python_version ~= '3.7'",
            "version": "==1.182.0"
        },
        "aws-cdk.aws-cloudformation": {
            "hashes": [
                "sha256:75e7ac12003cb83ffcd588d72eb3aa29ce5001e5c6f5a915371081d8d52b77f6",
                "sha256:9b20cbbba14f116d0c278dbf3d889fb80afe79234b76da4fa658d76ae270c7e9"
            ],
            "markers": "python_version ~= '3.7'",
            "version": "==1.182.0"
        },
        "aws-cdk.aws-cloudfront": {
            "hashes": [
                "sha256:162bff5ee1186ceafb16a9b889ba156e1a248c1827cd770735a833c5a8509cc4",
                "sha256:92e40d68257a0b2b4099cdfca48a2facccf2b9a6ba695a187f55029a03d8c16d"
            ],
            "markers": "python_version ~= '3.7'",
            "version": "==1.182.0"
        },
        "aws-cdk.aws-cloudwatch": {
            "hashes": [
                "sha256:4a2fd671749f09afaa1c8719116ffa20f343e833ba6624da57c047f585ce7c5a",
                "sha256:99020fca8aa9207bb300ab233b9c10d308f9322ef43105b99919cfd5d2c87b3e"
            ],
            "markers": "python_version ~= '3.7'",
            "version": "==1.182.0"
        },
        "aws-cdk.aws-codeguruprofiler": {
            "hashes": [
                "sha256:23fdb049dea66c34e818a26f09cb8ada403b36f834b1a96a4cb1a8a1ef1117ec",
                "sha256:dbba08702a4922fc07ab8b69a25b52be905ea0a40310293e53302aa2bee8d7b0"
            ],
            "markers": "python_version ~= '3.7'",
            "version": "==1.182.0"
        },
        "aws-cdk.aws-codestarnotifications": {
            "hashes": [
                "sha256:3f725f0ea9529cb9df4d75ddee59c877d511c668581b4c2d4cddce3bbddecb39",
                "sha256:c931d0af4b73d51d3142f5b81e20554a24bf7a5a91af9c06d7366fd43ae2a87a"
            ],
            "markers": "python_version ~= '3.7'",
            "version": "==1.182.0"
        },
        "aws-cdk.aws-cognito": {
            "hashes": [
                "sha256:4e060433bb27a8297e701742bd8caa76cdbfa2097b1000d3a07744de5293f90e",
                "sha256:c830a48ea8f96d6604e31f92cbc882a6498ba7790f808efe9c17588570013a87"
            ],
            "markers": "python_version ~= '3.7'",
            "version": "==1.182.0"
        },
        "aws-cdk.aws-ec2": {
            "hashes": [
                "sha256:31ab2eecd77eb2a726cde66133bc1767cdc6ecfcca8ffa9bbb7c7cb7da6e4281",
                "sha256:eade50c15b29ac62e4a64507c2bcaa1438ad180ed69baa62b2df9bb1faa85e41"
            ],
            "index": "pypi",
            "version": "==1.182.0"
        },
        "aws-cdk.aws-ecr": {
            "hashes": [
                "sha256:059c93fb9d1fa628f0473a166a4cb7f8289b304a01e89cd45b63531757febf3d",
                "sha256:fb0e811e0231854380a84b91e7f44c15f6e3d9200678d3e9d8ebb08ad6b87e7d"
            ],
            "markers": "python_version ~= '3.7'",
            "version": "==1.182.0"
        },
        "aws-cdk.aws-ecr-assets": {
            "hashes": [
                "sha256:128a0954f3e07fa72e6094e41873dc5ceabc7a5b5209fe0e57b2915a1cb48fb7",
                "sha256:fcf2fece75174c303f6d0648b7baef41670fd5fab048f26c2111ec0f689329d0"
            ],
            "index": "pypi",
            "version": "==1.182.0"
        },
        "aws-cdk.aws-ecs": {
            "hashes": [
                "sha256:802ad2e800d567a3cbcff18a1ac8f9652f691af6b53d749425c50f73b201d4ba",
                "sha256:e7978422cf25a98e03b6b70d23cc9bdb0ca36691a67f590d517f8cd36ed8aaa0"
            ],
            "index": "pypi",
            "version": "==1.182.0"
        },
        "aws-cdk.aws-efs": {
            "hashes": [
                "sha256:3a743a2276b3734a7d63b7b6bb8a31ff10418f5456be11770f2b6eecdaffe4e2",
                "sha256:62ad7c5e9142c7ae91a19f3813f5e3fcd107db89ad96b724d7c180a027bc8c05"
            ],
            "markers": "python_version ~= '3.7'",
            "version": "==1.182.0"
        },
        "aws-cdk.aws-elasticloadbalancing": {
            "hashes": [
                "sha256:2c0e2aa2849c6b45aab705de0d855b3e17f98dd25b00fa5439a8bad896462e0f",
                "sha256:f65895273c7f4ed938550d0a313cee67cc41e1204aa83ac72b7b6d5f467d2e29"
            ],
            "markers": "python_version ~= '3.7'",
            "version": "==1.182.0"
        },
        "aws-cdk.aws-elasticloadbalancingv2": {
            "hashes": [
                "sha256:6a25b4cc71f1e981ac49f24a5c2b0bb19e2d6c79c54e21659fd6ececd8c34289",
                "sha256:e59404cda11e875125fb3683237c9910efd814dfd4b42211489a5de4f4a91c05"
            ],
            "markers": "python_version ~= '3.7'",
            "version": "==1.182.0"
        },
        "aws-cdk.aws-events": {
            "hashes": [
                "sha256:1b24b917e2605880ccb73bdaaf2e03b688697154d108ed11be5b44cbb3b32b64",
                "sha256:6c1527837c2b6a538565ed90cf56835494b729b40aaca07fc4a7b7c6f52c58c1"
            ],
            "markers": "python_version ~= '3.7'",
            "version": "==1.182.0"
        },
        "aws-cdk.aws-globalaccelerator": {
            "hashes": [
                "sha256:5b7edfb32ae567eebf99e85f682ae3e517a35086a341e0270bfd29ec927a2469",
                "sha256:9ffb4f67e1b7fff73c321988ae2d7cb5f0215b6966b32162c60fa7e199c75e3d"
            ],
            "markers": "python_version ~= '3.7'",
            "version": "==1.182.0"
        },
        "aws-cdk.aws-iam": {
            "hashes": [
                "sha256:673becf9855745fb6f9efd3a73e11f068dcce14bd2d9bfb5d65180f6cebe0283",
                "sha256:e22a0c3b9f025d56b4f569ef818ad46504d69c8263418dec2ace65f9387d9663"
            ],
            "markers": "python_version ~= '3.7'",
            "version": "==1.182.0"
        },
        "aws-cdk.aws-kms": {
            "hashes": [
                "sha256:7d9a8407797bae38c42c40bf2883e4baa986cada4d995fd9cfd3dcf1ddb3fc2e",
                "sha256:daa1fc71e3f35cf9c80359f4ae079cd067053d28cc3eb64821272a54d3ef3b8f"
            ],
            "markers": "python_version ~= '3.7'",
            "version": "==1.182.0"
        },
        "aws-cdk.aws-lambda": {
            "hashes": [
                "sha256:63eaaa92a9771cf00cd2ff39d04bb7a3a88402fcea2117079c9d567249a497fa",
                "sha256:773d7cf039c9459c9fe911cfde8f796e3253e33613c94f0e860950350aa722f3"
            ],
            "markers": "python_version ~= '3.7'",
            "version": "==1.182.0"
        },
        "aws-cdk.aws-logs": {
            "hashes": [
                "sha256:d17d1bd195052002a77d330022ab62d78aca648969bcd6875757d765a55a72db",
                "sha256:d9d35983018df810044b92f901d8bce7276ef472a9120461eff71752fadad091"
            ],
            "markers": "python_version ~= '3.7'",
            "version": "==1.182.0"
        },
        "aws-cdk.aws-rds": {
            "hashes": [
                "sha256:0ff4575324db75a56f33f3c6cce2faa8778516f611c86728bb88808b752c1281",
                "sha256:d7557208c5bd1ccc85bed6187844840a7695d72d5fb438bbdf90c2ead0dbdd2f"
            ],
            "index": "pypi",
            "version": "==1.182.0"
        },
        "aws-cdk.aws-route53": {
            "hashes": [
                "sha256:47bb484d408d9b714a3e0afc3476f5ed2fee40ece5e10fb88bd32df7dcc60fbe",
                "sha256:78d510ebd6df26ad0e1d014a5da685600bd5f48a565b420b1f93f4aecbd230ec"
            ],
            "markers": "python_version ~= '3.7'",
            "version": "==1.182.0"
        },
        "aws-cdk.aws-route53-targets": {
            "hashes": [
                "sha256:c63d84b907283fbead3ba25eced9b36b2890ea237604aac1b064be95914cd024",
                "sha256:fd0ce9f7d58878b1a56fab544781dab281d9d0b7562a0449e28f438b8b7a0d42"
            ],
            "markers": "python_version ~= '3.7'",
            "version": "==1.182.0"
        },
        "aws-cdk.aws-s3": {
            "hashes": [
                "sha256:0df8de27530fade073f5be13f427a9fae8b21d57c3c95005bdb3ec92fb5343ad",
                "sha256:5631137a33ca8553d058fd55f4c20aaf6b60ada9e5a62c6ceb86205a9382365a"
            ],
            "markers": "python_version ~= '3.7'",
            "version": "==1.182.0"
        },
        "aws-cdk.aws-s3-assets": {
            "hashes": [
                "sha256:b7ad14c05f8c1cbed94846052de158a7e5429499d9ec82d832ff4b9827b0fc7e",
                "sha256:e12b25f74ba78fe752232bb18cb425ebbe62e996452278c9c8563b251978e1dc"
            ],
            "markers": "python_version ~= '3.7'",
            "version": "==1.182.0"
        },
        "aws-cdk.aws-sam": {
            "hashes": [
                "sha256:2c2c867b2e89077e0683f2df9140afc9c90164f43c12db0edb4fd766e5d35906",
                "sha256:9d2cb454b43b970788ea87878ce71f41dc724c1f19c786a022d0d489dcfe502c"
            ],
            "markers": "python_version ~= '3.7'",
            "version": "==1.182.0"
        },
        "aws-cdk.aws-secretsmanager": {
            "hashes": [
                "sha256:0d5489e942ef9a5bf6ce7fc4a3cdbb3c6a309005fc186302871efd1a51dcb7f4",
                "sha256:24a013a43db9d7a5dc103033409869dad709606780cf9bf238d4c11a20c2a5bc"
            ],
            "markers": "python_version ~= '3.7'",
            "version": "==1.182.0"
        },
        "aws-cdk.aws-servicediscovery": {
            "hashes": [
                "sha256:35c3cd860215c157a236f6595668c6eb8f5944d54e6fb71c4e33f10604bc07d9",
                "sha256:c08b3b0500afb0ffe344a7591008e3beb78f930470e6a4e89985aa5b203a0780"
            ],
            "markers": "python_version ~= '3.7'",
            "version": "==1.182.0"
        },
        "aws-cdk.aws-signer": {
            "hashes": [
                "sha256:30bc3570ac693c33f4f39435cc500faeb836dc1ae88b375ecee1998540d64032",
                "sha256:4fc82ae203e0ac8c05b8ec0da649bc604d67d4eb1684fc12aba390dc9525cafc"
            ],
            "markers": "python_version ~= '3.7'",
            "version": "==1.182.0"
        },
        "aws-cdk.aws-sns": {
            "hashes": [
                "sha256:2a677db3cf0463b49978a5863f8a6cea0c7724518fc006897b9c80c5cb150619",
                "sha256:fb21190ee2262602a533b24d0816d919eb35a8a2dd6bd11d6b6ae25878ceca49"
            ],
            "markers": "python_version ~= '3.7'",
            "version": "==1.182.0"
        },
        "aws-cdk.aws-sns-subscriptions": {
            "hashes": [
                "sha256:1ad3ecede944797602653d83e843979ebb49e04ab82f35b5a3782bc1ba62985d",
                "sha256:a232057ce414029c40fbdaeaf76442598c6a39876fd3cef199dced0c25b62f6a"
            ],
            "markers": "python_version ~= '3.7'",
            "version": "==1.182.0"
        },
        "aws-cdk.aws-sqs": {
            "hashes": [
                "sha256:729f6d1dbeacbd56d12d19570cbbd13ca6e99239d186d93709d710e7654d6da9",
                "sha256:b2fe92df84e3c91453508f5032e971682ebfebee3227bf9d50df9f1aba5733eb"
            ],
            "markers": "python_version ~= '3.7'",
            "version": "==1.182.0"
        },
        "aws-cdk.aws-ssm": {
            "hashes": [
                "sha256:1cd57d1bb08b8a49ba7e468b724d1d4f261ade5ed83dc24293b983c9bb692d39",
                "sha256:526e22e596988933ad74fd42e6df9931b5763ab0272413ca17e8cfecf546e0b5"
            ],
            "markers": "python_version ~= '3.7'",
            "version": "==1.182.0"
        },
        "aws-cdk.aws-stepfunctions": {
            "hashes": [
                "sha256:636c8ac336858bf56bd71ad5d37ec2036265c6bf8e5bf4d52cf16f57fec5d4fe",
                "sha256:9357746ac4ec2eb42033adb0662f20cb5337b09df48ed1d61ce213bde3f91672"
            ],
            "markers": "python_version ~= '3.7'",
            "version": "==1.182.0"
        },
        "aws-cdk.cloud-assembly-schema": {
            "hashes": [
                "sha256:903a4178b4f1b0429288e2d30d43fe24522b8035e45a24a2e5d74dcaac0dfbf9",
                "sha256:f78baa23c70cdd81194830abac9abbe50cdc26a185eaf17673fcf8fd63b879b0"
            ],
            "markers": "python_version ~= '3.7'",
            "version": "==1.182.0"
        },
        "aws-cdk.core": {
            "hashes": [
                "sha256:52ca0f8df3026cb3a53f9d7523c4941d14759dd5aac313d9f2d4023cfbb4c882",
                "sha256:96a0b65d72bfaf492f7c4dca801bc3a18b3028f06187dcafb5729c2aeb167d7a"
            ],
            "index": "pypi",
            "version": "==1.182.0"
        },
        "aws-cdk.custom-resources": {
            "hashes": [
                "sha256:51f45dfab06916571e0e287e803f04f8acec2bc7e81f52e0ae568926556b8ada",
                "sha256:f55cd4514acd6270d03c0683ae57de8662d8bd4ad6d19c3cc659f7abc6eae634"
            ],
            "markers": "python_version ~= '3.7'",
            "version": "==1.182.0"
        },
        "aws-cdk.cx-api": {
            "hashes": [
                "sha256:b3f8bfbfe6f950036073e4d8dfb20526e4e2d95f87af0f0952c25624c1349afc",
                "sha256:c30cfe3d15abc6735c7ff6a25291660e11df0393e236f767326c87058645e453"
            ],
            "markers": "python_version ~= '3.7'",
            "version": "==1.182.0"
        },
        "aws-cdk.region-info": {
            "hashes": [
                "sha256:16188973a1a874548d0e7ea8c9e52c4b8d6d86fb3838f114faf7be5fdc5bff29",
                "sha256:eb70c68daf55e955709976c8ce1a1c9a3592dc452db16ad04689eb12a890eaa6"
            ],
            "markers": "python_version ~= '3.7'",
            "version": "==1.182.0"
        },
        "cattrs": {
            "hashes": [
                "sha256:bc12b1f0d000b9f9bee83335887d532a1d3e99a833d1bf0882151c97d3e68c21",
                "sha256:f0eed5642399423cf656e7b66ce92cdc5b963ecafd041d1b24d136fdde7acf6d"
            ],
            "markers": "python_version >= '3.7'",
            "version": "==22.2.0"
        },
        "constructs": {
            "hashes": [
                "sha256:4203c5cfe660a293a79046719ca6be7d20decc0cbeeb247c3dbe257e9be72afe",
                "sha256:a3676d68fb8ded33f4f84c4f47af778f1ad2fa8e23edb3886b3fafa6a5840a0f"
            ],
            "markers": "python_version ~= '3.7'",
            "version": "==3.4.177"
        },
        "exceptiongroup": {
            "hashes": [
                "sha256:542adf9dea4055530d6e1279602fa5cb11dab2395fa650b8674eaec35fc4a828",
                "sha256:bd14967b79cd9bdb54d97323216f8fdf533e278df937aa2a90089e7d6e06e5ec"
            ],
            "markers": "python_version < '3.11'",
            "version": "==1.0.4"
        },
        "iniconfig": {
            "hashes": [
                "sha256:011e24c64b7f47f6ebd835bb12a743f2fbe9a26d4cecaa7f53bc4f35ee9da8b3",
                "sha256:bc3af051d7d14b2ee5ef9969666def0cd1a000e121eaea580d4a313df4b37f32"
            ],
            "version": "==1.1.1"
        },
        "jsii": {
            "hashes": [
                "sha256:4dcf65eca9400c15a6a7c9d85b27f4bfe15c96ad3e36272a502f391556858151",
                "sha256:6daf1c17362bd07c50c299e08d9a4454075550eb78e035a160ecf9ea68ded3cf"
            ],
            "markers": "python_version ~= '3.7'",
            "version": "==1.72.0"
        },
        "packaging": {
            "hashes": [
                "sha256:dd47c42927d89ab911e606518907cc2d3a1f38bbd026385970643f9c5b8ecfeb",
                "sha256:ef103e05f519cdc783ae24ea4e2e0f508a9c99b2d4969652eed6a2e1ea5bd522"
            ],
            "markers": "python_version >= '3.6'",
            "version": "==21.3"
        },
        "pluggy": {
            "hashes": [
                "sha256:4224373bacce55f955a878bf9cfa763c1e360858e330072059e10bad68531159",
                "sha256:74134bbf457f031a36d68416e1509f34bd5ccc019f0bcc952c7b909d06b37bd3"
            ],
            "markers": "python_version >= '3.6'",
            "version": "==1.0.0"
        },
        "publication": {
            "hashes": [
                "sha256:0248885351febc11d8a1098d5c8e3ab2dabcf3e8c0c96db1e17ecd12b53afbe6",
                "sha256:68416a0de76dddcdd2930d1c8ef853a743cc96c82416c4e4d3b5d901c6276dc4"
            ],
            "version": "==0.0.3"
        },
        "pyparsing": {
            "hashes": [
                "sha256:2b020ecf7d21b687f219b71ecad3631f644a47f01403fa1d1036b0c6416d70fb",
                "sha256:5026bae9a10eeaefb61dab2f09052b9f4307d44aee4eda64b309723d8d206bbc"
            ],
            "markers": "python_full_version >= '3.6.8'",
            "version": "==3.0.9"
        },
        "pytest": {
            "hashes": [
                "sha256:892f933d339f068883b6fd5a459f03d85bfcb355e4981e146d2c7616c21fef71",
                "sha256:c4014eb40e10f11f355ad4e3c2fb2c6c6d1919c73f3b5a433de4708202cade59"
            ],
            "index": "pypi",
            "version": "==7.2.0"
        },
        "python-dateutil": {
            "hashes": [
                "sha256:0123cacc1627ae19ddf3c27a5de5bd67ee4586fbdd6440d9748f8abb483d3e86",
                "sha256:961d03dc3453ebbc59dbdea9e4e11c5651520a876d0f4db161e8674aae935da9"
            ],
            "markers": "python_version >= '2.7' and python_version not in '3.0, 3.1, 3.2, 3.3'",
            "version": "==2.8.2"
        },
        "six": {
            "hashes": [
                "sha256:1e61c37477a1626458e36f7b1d82aa5c9b094fa4802892072e49de9c60c4c926",
                "sha256:8abb2f1d86890a2dfb989f9a77cfcfd3e47c2a354b01111771326f8aa26e0254"
            ],
            "markers": "python_version >= '2.7' and python_version not in '3.0, 3.1, 3.2, 3.3'",
            "version": "==1.16.0"
        },
        "tomli": {
            "hashes": [
                "sha256:939de3e7a6161af0c887ef91b7d41a53e7c5a1ca976325f429cb46ea9bc30ecc",
                "sha256:de526c12914f0c550d15924c62d72abc48d6fe7364aa87328337a31007fe8a4f"
            ],
            "markers": "python_version < '3.11'",
            "version": "==2.0.1"
        },
        "typeguard": {
            "hashes": [
                "sha256:00edaa8da3a133674796cf5ea87d9f4b4c367d77476e185e80251cc13dfbb8c4",
                "sha256:5e3e3be01e887e7eafae5af63d1f36c849aaa94e3a0112097312aabfa16284f1"
            ],
            "markers": "python_full_version >= '3.5.3'",
            "version": "==2.13.3"
        },
        "typing-extensions": {
            "hashes": [
                "sha256:1511434bb92bf8dd198c12b1cc812e800d4181cfcb867674e0f8279cc93087aa",
                "sha256:16fa4864408f655d35ec496218b85f79b3437c829e93320c7c9215ccfd92489e"
            ],
            "markers": "python_version >= '3.7'",
            "version": "==4.4.0"
        }
    },
    "develop": {}
}
